
Microsoft Visual Studio Solution File, Format Version 12.00
# Visual Studio 15
VisualStudioVersion = 15.0.28307.421
MinimumVisualStudioVersion = 10.0.40219.1
Project("{8BC9CEB8-8B4A-11D0-8D11-00A0C91BC942}") = "aptLoader", "aptLoader\aptLoader.vcxproj", "{84B9CCA5-CE6E-4024-8ACA-0A51DC65C2AD}"
EndProject
Global
	GlobalSection(SolutionConfigurationPlatforms) = preSolution
		Debug|x64 = Debug|x64
		Debug|x86 = Debug|x86
		Release|x64 = Release|x64
		Release|x86 = Release|x86
	EndGlobalSection
	GlobalSection(ProjectConfigurationPlatforms) = postSolution
		{84B9CCA5-CE6E-4024-8ACA-0A51DC65C2AD}.Debug|x64.ActiveCfg = Debug|x64
		{84B9CCA5-CE6E-4024-8ACA-0A51DC65C2AD}.Debug|x64.Build.0 = Debug|x64
		{84B9CCA5-CE6E-4024-8ACA-0A51DC65C2AD}.Debug|x86.ActiveCfg = Debug|Win32
		{84B9CCA5-CE6E-4024-8ACA-0A51DC65C2AD}.Debug|x86.Build.0 = Debug|Win32
		{84B9CCA5-CE6E-4024-8ACA-0A51DC65C2AD}.Release|x64.ActiveCfg = Release|x64
		{84B9CCA5-CE6E-4024-8ACA-0A51DC65C2AD}.Release|x64.Build.0 = Release|x64
		{84B9CCA5-CE6E-4024-8ACA-0A51DC65C2AD}.Release|x86.ActiveCfg = Release|Win32
		{84B9CCA5-CE6E-4024-8ACA-0A51DC65C2AD}.Release|x86.Build.0 = Release|Win32
	EndGlobalSection
	GlobalSection(SolutionProperties) = preSolution
		HideSolutionNode = FALSE
	EndGlobalSection
	GlobalSection(ExtensibilityGlobals) = postSolution
		SolutionGuid = {3F1FF1A5-004E-4776-A67A-946E84C675C1}
	EndGlobalSection
EndGlobal
